Microsoft Visual Studio Solution File, Format Version 12.00
# Visual Studio Version 17
VisualStudioVersion = 17.5.2.0
MinimumVisualStudioVersion = 10.0.40219.1
Project("{FAE04EC0-301F-11D3-BF4B-00C04F79EFBC}") = "Mitsubishi_FX5U", "Mitsubishi_FX5U.csproj", "{B56746BC-119C-2173-C1AA-0D6D5333AF26}"
EndProject
Global
	GlobalSection(SolutionConfigurationPlatforms) = preSolution
		Debug|Any CPU = Debug|Any CPU
		Release|Any CPU = Release|Any CPU
	EndGlobalSection
	GlobalSection(ProjectConfigurationPlatforms) = postSolution
		{B56746BC-119C-2173-C1AA-0D6D5333AF26}.Debug|Any CPU.ActiveCfg = Debug|Any CPU
		{B56746BC-119C-2173-C1AA-0D6D5333AF26}.Debug|Any CPU.Build.0 = Debug|Any CPU
		{B56746BC-119C-2173-C1AA-0D6D5333AF26}.Release|Any CPU.ActiveCfg = Release|Any CPU
		{B56746BC-119C-2173-C1AA-0D6D5333AF26}.Release|Any CPU.Build.0 = Release|Any CPU
	EndGlobalSection
	GlobalSection(SolutionProperties) = preSolution
		HideSolutionNode = FALSE
	EndGlobalSection
	GlobalSection(ExtensibilityGlobals) = postSolution
		SolutionGuid = {0D5D1792-60DE-422F-8E9E-064D484FBB10}
	EndGlobalSection
EndGlobal
